
Microsoft Visual Studio Solution File, Format Version 12.00
# Visual Studio Version 17
VisualStudioVersion = 17.1.32228.430
MinimumVisualStudioVersion = 10.0.40219.1
Project("{FAE04EC0-301F-11D3-BF4B-00C04F79EFBC}") = "task2_FiratKahreman", "task2_FiratKahreman\task2_FiratKahreman.csproj", "{A26A7FD2-D338-4854-BE6E-86BD64DC8EB8}"
EndProject
Global
	GlobalSection(SolutionConfigurationPlatforms) = preSolution
		Debug|Any CPU = Debug|Any CPU
		Release|Any CPU = Release|Any CPU
	EndGlobalSection
	GlobalSection(ProjectConfigurationPlatforms) = postSolution
		{A26A7FD2-D338-4854-BE6E-86BD64DC8EB8}.Debug|Any CPU.ActiveCfg = Debug|Any CPU
		{A26A7FD2-D338-4854-BE6E-86BD64DC8EB8}.Debug|Any CPU.Build.0 = Debug|Any CPU
		{A26A7FD2-D338-4854-BE6E-86BD64DC8EB8}.Release|Any CPU.ActiveCfg = Release|Any CPU
		{A26A7FD2-D338-4854-BE6E-86BD64DC8EB8}.Release|Any CPU.Build.0 = Release|Any CPU
	EndGlobalSection
	GlobalSection(SolutionProperties) = preSolution
		HideSolutionNode = FALSE
	EndGlobalSection
	GlobalSection(ExtensibilityGlobals) = postSolution
		SolutionGuid = {3A716AF9-0FD9-4A86-9AFF-3BA7B4BB14A5}
	EndGlobalSection
EndGlobal
